{
  "name": "examples",
  "version": "1.0.0",
  "lockfileVersion": 3,
  "requires": true,
  "packages": {
    "": {
      "name": "examples",
      "version": "1.0.0",
      "license": "ISC",
      "dependencies": {
        "@eslam-reda-div/bridger": "^1.0.0"
      }
    },
    "node_modules/@eslam-reda-div/bridger": {
      "version": "1.0.0",
      "resolved": "https://registry.npmjs.org/@eslam-reda-div/bridger/-/bridger-1.0.0.tgz",
      "integrity": "sha512-XfYr+ec2hIgdpn6xcrTOp/jq7JmXlONypjY2AvikPXPZ4CVk/nDJyOLvfmMSSGWah0eX+0WIM/w6cl1gocA0+g==",
      "license": "MIT",
      "bin": {
        "bridger": "bin/bridger.js"
      },
      "engines": {
        "node": ">=16.0.0"
      }
    }
  }
}
